
Microsoft Visual Studio Solution File, Format Version 12.00
# Visual Studio 14
VisualStudioVersion = 14.0.23107.0
MinimumVisualStudioVersion = 10.0.40219.1
Project("{FAE04EC0-301F-11D3-BF4B-00C04F79EFBC}") = "LabManager", "LabManager\LabManager.csproj", "{15D64EA0-364E-4956-B119-50F34E54E362}"
EndProject
Global
	GlobalSection(SolutionConfigurationPlatforms) = preSolution
		Debug|Any CPU = Debug|Any CPU
		Release|Any CPU = Release|Any CPU
	EndGlobalSection
	GlobalSection(ProjectConfigurationPlatforms) = postSolution
		{15D64EA0-364E-4956-B119-50F34E54E362}.Debug|Any CPU.ActiveCfg = Debug|Any CPU
		{15D64EA0-364E-4956-B119-50F34E54E362}.Debug|Any CPU.Build.0 = Debug|Any CPU
		{15D64EA0-364E-4956-B119-50F34E54E362}.Release|Any CPU.ActiveCfg = Release|Any CPU
		{15D64EA0-364E-4956-B119-50F34E54E362}.Release|Any CPU.Build.0 = Release|Any CPU
	EndGlobalSection
	GlobalSection(SolutionProperties) = preSolution
		HideSolutionNode = FALSE
	EndGlobalSection
EndGlobal
